github.com/gorilla/mux v1.8.0 h1:i40aqfkR1h2SlN9hojwV5ZA91wcXFOvkdNIeFDP5koI=
github.com/gorilla/mux v1.8.0/go.mod h1:DVbg23sWSpFRCP0SfiEN6jmj59UnW/n46BH5rLB71So=
sourcegraph.com/sourcegraph/appdash v0.0.0-20210831040556-ec77a7fbcadc h1:nJW47Hpj4Gr/742Zg4BWuWGuEtZ5d7CpPkMDA9o/CHo=
sourcegraph.com/sourcegraph/appdash v0.0.0-20210831040556-ec77a7fbcadc/go.mod h1:hI742Nqp5OhwiqlzhgfbWU4mW4yO10fP+LoT9WOswdU=
